// !$*UTF8*$!
{
	archiveVersion = 1;
	classes = {
	};
	objectVersion = 56;
	objects = {

/* Begin PBXBuildFile section */
		6D397B20298D10110084C1BE /* FileController.swift in Sources */ = {isa = PBXBuildFile; fileRef = 6D397B1F298D10110084C1BE /* FileController.swift */; };
		6D397B23298D257A0084C1BE /* ButtonStyles.swift in Sources */ = {isa = PBXBuildFile; fileRef = 6D397B22298D257A0084C1BE /* ButtonStyles.swift */; };
		6D397B33298F168C0084C1BE /* Compress.swift in Sources */ = {isa = PBXBuildFile; fileRef = 6D397B32298F168C0084C1BE /* Compress.swift */; };
		6D397B3829902C770084C1BE /* AppSearch.swift in Sources */ = {isa = PBXBuildFile; fileRef = 6D397B3729902C770084C1BE /* AppSearch.swift */; };
		6D532829298BD11000AF1576 /* TrollBoardApp.swift in Sources */ = {isa = PBXBuildFile; fileRef = 6D532828298BD11000AF1576 /* TrollBoardApp.swift */; };
		6D53282D298BD11300AF1576 /* Assets.xcassets in Resources */ = {isa = PBXBuildFile; fileRef = 6D53282C298BD11300AF1576 /* Assets.xcassets */; };
		6D532830298BD11300AF1576 /* Preview Assets.xcassets in Resources */ = {isa = PBXBuildFile; fileRef = 6D53282F298BD11300AF1576 /* Preview Assets.xcassets */; };
		6D532837298BD17500AF1576 /* ThemesView.swift in Sources */ = {isa = PBXBuildFile; fileRef = 6D532836298BD17500AF1576 /* ThemesView.swift */; };
		6D53283D298BD1CF00AF1576 /* Themer.swift in Sources */ = {isa = PBXBuildFile; fileRef = 6D53283C298BD1CF00AF1576 /* Themer.swift */; };
		6D532845298BD28900AF1576 /* vm_unaligned_copy_switch_race.c in Sources */ = {isa = PBXBuildFile; fileRef = 6D53283F298BD28900AF1576 /* vm_unaligned_copy_switch_race.c */; };
		6D532846298BD28900AF1576 /* grant_full_disk_access.m in Sources */ = {isa = PBXBuildFile; fileRef = 6D532840298BD28900AF1576 /* grant_full_disk_access.m */; };
		6D532847298BD28900AF1576 /* helpers.m in Sources */ = {isa = PBXBuildFile; fileRef = 6D532841298BD28900AF1576 /* helpers.m */; };
		6D53284A298BD41100AF1576 /* Functions.swift in Sources */ = {isa = PBXBuildFile; fileRef = 6D532849298BD41100AF1576 /* Functions.swift */; };
		6D53285B298BFA7C00AF1576 /* AssetCatalogWrapper in Frameworks */ = {isa = PBXBuildFile; productRef = 6D53285A298BFA7C00AF1576 /* AssetCatalogWrapper */; };
/* End PBXBuildFile section */

/* Begin PBXFileReference section */
		6D397B1F298D10110084C1BE /* FileController.swift */ = {isa = PBXFileReference; lastKnownFileType = sourcecode.swift; path = FileController.swift; sourceTree = "<group>"; };
		6D397B22298D257A0084C1BE /* ButtonStyles.swift */ = {isa = PBXFileReference; lastKnownFileType = sourcecode.swift; path = ButtonStyles.swift; sourceTree = "<group>"; };
		6D397B28298E30430084C1BE /* CoreServices.framework */ = {isa = PBXFileReference; lastKnownFileType = wrapper.framework; name = CoreServices.framework; path = System/Library/Frameworks/CoreServices.framework; sourceTree = SDKROOT; };
		6D397B32298F168C0084C1BE /* Compress.swift */ = {isa = PBXFileReference; lastKnownFileType = sourcecode.swift; path = Compress.swift; sourceTree = "<group>"; };
		6D397B3729902C770084C1BE /* AppSearch.swift */ = {isa = PBXFileReference; lastKnownFileType = sourcecode.swift; path = AppSearch.swift; sourceTree = "<group>"; };
		6D532825298BD11000AF1576 /* TrollBoard.app */ = {isa = PBXFileReference; explicitFileType = wrapper.application; includeInIndex = 0; path = TrollBoard.app; sourceTree = BUILT_PRODUCTS_DIR; };
		6D532828298BD11000AF1576 /* TrollBoardApp.swift */ = {isa = PBXFileReference; lastKnownFileType = sourcecode.swift; path = TrollBoardApp.swift; sourceTree = "<group>"; };
		6D53282C298BD11300AF1576 /* Assets.xcassets */ = {isa = PBXFileReference; lastKnownFileType = folder.assetcatalog; path = Assets.xcassets; sourceTree = "<group>"; };
		6D53282F298BD11300AF1576 /* Preview Assets.xcassets */ = {isa = PBXFileReference; lastKnownFileType = folder.assetcatalog; path = "Preview Assets.xcassets"; sourceTree = "<group>"; };
		6D532836298BD17500AF1576 /* ThemesView.swift */ = {isa = PBXFileReference; lastKnownFileType = sourcecode.swift; path = ThemesView.swift; sourceTree = "<group>"; wrapsLines = 1; };
		6D53283C298BD1CF00AF1576 /* Themer.swift */ = {isa = PBXFileReference; lastKnownFileType = sourcecode.swift; path = Themer.swift; sourceTree = "<group>"; };
		6D53283F298BD28900AF1576 /* vm_unaligned_copy_switch_race.c */ = {isa = PBXFileReference; fileEncoding = 4; lastKnownFileType = sourcecode.c.c; path = vm_unaligned_copy_switch_race.c; sourceTree = "<group>"; };
		6D532840298BD28900AF1576 /* grant_full_disk_access.m */ = {isa = PBXFileReference; fileEncoding = 4; lastKnownFileType = sourcecode.c.objc; path = grant_full_disk_access.m; sourceTree = "<group>"; };
		6D532841298BD28900AF1576 /* helpers.m */ = {isa = PBXFileReference; fileEncoding = 4; lastKnownFileType = sourcecode.c.objc; path = helpers.m; sourceTree = "<group>"; };
		6D532842298BD28900AF1576 /* vm_unaligned_copy_switch_race.h */ = {isa = PBXFileReference; fileEncoding = 4; lastKnownFileType = sourcecode.c.h; path = vm_unaligned_copy_switch_race.h; sourceTree = "<group>"; };
		6D532843298BD28900AF1576 /* helpers.h */ = {isa = PBXFileReference; fileEncoding = 4; lastKnownFileType = sourcecode.c.h; path = helpers.h; sourceTree = "<group>"; };
		6D532844298BD28900AF1576 /* grant_full_disk_access.h */ = {isa = PBXFileReference; fileEncoding = 4; lastKnownFileType = sourcecode.c.h; path = grant_full_disk_access.h; sourceTree = "<group>"; };
		6D532848298BD39D00AF1576 /* TrollBoardHeader.h */ = {isa = PBXFileReference; lastKnownFileType = sourcecode.c.h; path = TrollBoardHeader.h; sourceTree = "<group>"; };
		6D532849298BD41100AF1576 /* Functions.swift */ = {isa = PBXFileReference; fileEncoding = 4; lastKnownFileType = sourcecode.swift; path = Functions.swift; sourceTree = "<group>"; };
/* End PBXFileReference section */

/* Begin PBXFrameworksBuildPhase section */
		6D532822298BD11000AF1576 /* Frameworks */ = {
			isa = PBXFrameworksBuildPhase;
			buildActionMask = 2147483647;
			files = (
				6D53285B298BFA7C00AF1576 /* AssetCatalogWrapper in Frameworks */,
			);
			runOnlyForDeploymentPostprocessing = 0;
		};
/* End PBXFrameworksBuildPhase section */

/* Begin PBXGroup section */
		6D397B21298D256A0084C1BE /* Extensions */ = {
			isa = PBXGroup;
			children = (
				6D397B22298D257A0084C1BE /* ButtonStyles.swift */,
				6D397B32298F168C0084C1BE /* Compress.swift */,
			);
			path = Extensions;
			sourceTree = "<group>";
		};
		6D53281C298BD11000AF1576 = {
			isa = PBXGroup;
			children = (
				6D532827298BD11000AF1576 /* TrollBoard */,
				6D532826298BD11000AF1576 /* Products */,
				6D53285C298C40DE00AF1576 /* Frameworks */,
			);
			sourceTree = "<group>";
		};
		6D532826298BD11000AF1576 /* Products */ = {
			isa = PBXGroup;
			children = (
				6D532825298BD11000AF1576 /* TrollBoard.app */,
			);
			name = Products;
			sourceTree = "<group>";
		};
		6D532827298BD11000AF1576 /* TrollBoard */ = {
			isa = PBXGroup;
			children = (
				6D397B21298D256A0084C1BE /* Extensions */,
				6D53283E298BD28900AF1576 /* Exploit */,
				6D532839298BD19400AF1576 /* Functions */,
				6D532838298BD17C00AF1576 /* Views */,
				6D532828298BD11000AF1576 /* TrollBoardApp.swift */,
				6D53282C298BD11300AF1576 /* Assets.xcassets */,
				6D53282E298BD11300AF1576 /* Preview Content */,
				6D532848298BD39D00AF1576 /* TrollBoardHeader.h */,
			);
			path = TrollBoard;
			sourceTree = "<group>";
		};
		6D53282E298BD11300AF1576 /* Preview Content */ = {
			isa = PBXGroup;
			children = (
				6D53282F298BD11300AF1576 /* Preview Assets.xcassets */,
			);
			path = "Preview Content";
			sourceTree = "<group>";
		};
		6D532838298BD17C00AF1576 /* Views */ = {
			isa = PBXGroup;
			children = (
				6D532836298BD17500AF1576 /* ThemesView.swift */,
			);
			path = Views;
			sourceTree = "<group>";
		};
		6D532839298BD19400AF1576 /* Functions */ = {
			isa = PBXGroup;
			children = (
				6D532849298BD41100AF1576 /* Functions.swift */,
				6D53283C298BD1CF00AF1576 /* Themer.swift */,
				6D397B1F298D10110084C1BE /* FileController.swift */,
				6D397B3729902C770084C1BE /* AppSearch.swift */,
			);
			path = Functions;
			sourceTree = "<group>";
		};
		6D53283E298BD28900AF1576 /* Exploit */ = {
			isa = PBXGroup;
			children = (
				6D53283F298BD28900AF1576 /* vm_unaligned_copy_switch_race.c */,
				6D532840298BD28900AF1576 /* grant_full_disk_access.m */,
				6D532841298BD28900AF1576 /* helpers.m */,
				6D532842298BD28900AF1576 /* vm_unaligned_copy_switch_race.h */,
				6D532843298BD28900AF1576 /* helpers.h */,
				6D532844298BD28900AF1576 /* grant_full_disk_access.h */,
			);
			path = Exploit;
			sourceTree = "<group>";
		};
		6D53285C298C40DE00AF1576 /* Frameworks */ = {
			isa = PBXGroup;
			children = (
				6D397B28298E30430084C1BE /* CoreServices.framework */,
			);
			name = Frameworks;
			sourceTree = "<group>";
		};
/* End PBXGroup section */

/* Begin PBXNativeTarget section */
		6D532824298BD11000AF1576 /* TrollBoard */ = {
			isa = PBXNativeTarget;
			buildConfigurationList = 6D532833298BD11300AF1576 /* Build configuration list for PBXNativeTarget "TrollBoard" */;
			buildPhases = (
				6D532821298BD11000AF1576 /* Sources */,
				6D532822298BD11000AF1576 /* Frameworks */,
				6D532823298BD11000AF1576 /* Resources */,
			);
			buildRules = (
			);
			dependencies = (
			);
			name = TrollBoard;
			packageProductDependencies = (
				6D53285A298BFA7C00AF1576 /* AssetCatalogWrapper */,
			);
			productName = TrollBoard;
			productReference = 6D532825298BD11000AF1576 /* TrollBoard.app */;
			productType = "com.apple.product-type.application";
		};
/* End PBXNativeTarget section */

/* Begin PBXProject section */
		6D53281D298BD11000AF1576 /* Project object */ = {
			isa = PBXProject;
			attributes = {
				BuildIndependentTargetsInParallel = 1;
				LastSwiftUpdateCheck = 1420;
				LastUpgradeCheck = 1420;
				TargetAttributes = {
					6D532824298BD11000AF1576 = {
						CreatedOnToolsVersion = 14.2;
					};
				};
			};
			buildConfigurationList = 6D532820298BD11000AF1576 /* Build configuration list for PBXProject "TrollBoard" */;
			compatibilityVersion = "Xcode 14.0";
			developmentRegion = en;
			hasScannedForEncodings = 0;
			knownRegions = (
				en,
				Base,
			);
			mainGroup = 6D53281C298BD11000AF1576;
			packageReferences = (
				6D532859298BFA7C00AF1576 /* XCRemoteSwiftPackageReference "SantanderWrappers" */,
			);
			productRefGroup = 6D532826298BD11000AF1576 /* Products */;
			projectDirPath = "";
			projectRoot = "";
			targets = (
				6D532824298BD11000AF1576 /* TrollBoard */,
			);
		};
/* End PBXProject section */

/* Begin PBXResourcesBuildPhase section */
		6D532823298BD11000AF1576 /* Resources */ = {
			isa = PBXResourcesBuildPhase;
			buildActionMask = 2147483647;
			files = (
				6D532830298BD11300AF1576 /* Preview Assets.xcassets in Resources */,
				6D53282D298BD11300AF1576 /* Assets.xcassets in Resources */,
			);
			runOnlyForDeploymentPostprocessing = 0;
		};
/* End PBXResourcesBuildPhase section */

/* Begin PBXSourcesBuildPhase section */
		6D532821298BD11000AF1576 /* Sources */ = {
			isa = PBXSourcesBuildPhase;
			buildActionMask = 2147483647;
			files = (
				6D53283D298BD1CF00AF1576 /* Themer.swift in Sources */,
				6D532847298BD28900AF1576 /* helpers.m in Sources */,
				6D532837298BD17500AF1576 /* ThemesView.swift in Sources */,
				6D397B20298D10110084C1BE /* FileController.swift in Sources */,
				6D53284A298BD41100AF1576 /* Functions.swift in Sources */,
				6D532846298BD28900AF1576 /* grant_full_disk_access.m in Sources */,
				6D397B23298D257A0084C1BE /* ButtonStyles.swift in Sources */,
				6D532845298BD28900AF1576 /* vm_unaligned_copy_switch_race.c in Sources */,
				6D397B3829902C770084C1BE /* AppSearch.swift in Sources */,
				6D532829298BD11000AF1576 /* TrollBoardApp.swift in Sources */,
				6D397B33298F168C0084C1BE /* Compress.swift in Sources */,
			);
			runOnlyForDeploymentPostprocessing = 0;
		};
/* End PBXSourcesBuildPhase section */

/* Begin XCBuildConfiguration section */
		6D532831298BD11300AF1576 /* Debug */ = {
			isa = XCBuildConfiguration;
			buildSettings = {
				ALWAYS_SEARCH_USER_PATHS = NO;
				CLANG_ANALYZER_NONNULL = YES;
				CLANG_ANALYZER_NUMBER_OBJECT_CONVERSION = YES_AGGRESSIVE;
				CLANG_CXX_LANGUAGE_STANDARD = "gnu++20";
				CLANG_ENABLE_MODULES = YES;
				CLANG_ENABLE_OBJC_ARC = YES;
				CLANG_ENABLE_OBJC_WEAK = YES;
				CLANG_WARN_BLOCK_CAPTURE_AUTORELEASING = YES;
				CLANG_WARN_BOOL_CONVERSION = YES;
				CLANG_WARN_COMMA = YES;
				CLANG_WARN_CONSTANT_CONVERSION = YES;
				CLANG_WARN_DEPRECATED_OBJC_IMPLEMENTATIONS = YES;
				CLANG_WARN_DIRECT_OBJC_ISA_USAGE = YES_ERROR;
				CLANG_WARN_DOCUMENTATION_COMMENTS = YES;
				CLANG_WARN_EMPTY_BODY = YES;
				CLANG_WARN_ENUM_CONVERSION = YES;
				CLANG_WARN_INFINITE_RECURSION = YES;
				CLANG_WARN_INT_CONVERSION = YES;
				CLANG_WARN_NON_LITERAL_NULL_CONVERSION = YES;
				CLANG_WARN_OBJC_IMPLICIT_RETAIN_SELF = YES;
				CLANG_WARN_OBJC_LITERAL_CONVERSION = YES;
				CLANG_WARN_OBJC_ROOT_CLASS = YES_ERROR;
				CLANG_WARN_QUOTED_INCLUDE_IN_FRAMEWORK_HEADER = YES;
				CLANG_WARN_RANGE_LOOP_ANALYSIS = YES;
				CLANG_WARN_STRICT_PROTOTYPES = YES;
				CLANG_WARN_SUSPICIOUS_MOVE = YES;
				CLANG_WARN_UNGUARDED_AVAILABILITY = YES_AGGRESSIVE;
				CLANG_WARN_UNREACHABLE_CODE = YES;
				CLANG_WARN__DUPLICATE_METHOD_MATCH = YES;
				COPY_PHASE_STRIP = NO;
				DEBUG_INFORMATION_FORMAT = dwarf;
				ENABLE_STRICT_OBJC_MSGSEND = YES;
				ENABLE_TESTABILITY = YES;
				GCC_C_LANGUAGE_STANDARD = gnu11;
				GCC_DYNAMIC_NO_PIC = NO;
				GCC_NO_COMMON_BLOCKS = YES;
				GCC_OPTIMIZATION_LEVEL = 0;
				GCC_PREPROCESSOR_DEFINITIONS = (
					"DEBUG=1",
					"$(inherited)",
				);
				GCC_WARN_64_TO_32_BIT_CONVERSION = YES;
				GCC_WARN_ABOUT_RETURN_TYPE = YES_ERROR;
				GCC_WARN_UNDECLARED_SELECTOR = YES;
				GCC_WARN_UNINITIALIZED_AUTOS = YES_AGGRESSIVE;
				GCC_WARN_UNUSED_FUNCTION = YES;
				GCC_WARN_UNUSED_VARIABLE = YES;
				IPHONEOS_DEPLOYMENT_TARGET = 16.2;
				MTL_ENABLE_DEBUG_INFO = INCLUDE_SOURCE;
				MTL_FAST_MATH = YES;
				ONLY_ACTIVE_ARCH = YES;
				SDKROOT = iphoneos;
				SWIFT_ACTIVE_COMPILATION_CONDITIONS = DEBUG;
				SWIFT_OPTIMIZATION_LEVEL = "-Onone";
			};
			name = Debug;
		};
		6D532832298BD11300AF1576 /* Release */ = {
			isa = XCBuildConfiguration;
			buildSettings = {
				ALWAYS_SEARCH_USER_PATHS = NO;
				CLANG_ANALYZER_NONNULL = YES;
				CLANG_ANALYZER_NUMBER_OBJECT_CONVERSION = YES_AGGRESSIVE;
				CLANG_CXX_LANGUAGE_STANDARD = "gnu++20";
				CLANG_ENABLE_MODULES = YES;
				CLANG_ENABLE_OBJC_ARC = YES;
				CLANG_ENABLE_OBJC_WEAK = YES;
				CLANG_WARN_BLOCK_CAPTURE_AUTORELEASING = YES;
				CLANG_WARN_BOOL_CONVERSION = YES;
				CLANG_WARN_COMMA = YES;
				CLANG_WARN_CONSTANT_CONVERSION = YES;
				CLANG_WARN_DEPRECATED_OBJC_IMPLEMENTATIONS = YES;
				CLANG_WARN_DIRECT_OBJC_ISA_USAGE = YES_ERROR;
				CLANG_WARN_DOCUMENTATION_COMMENTS = YES;
				CLANG_WARN_EMPTY_BODY = YES;
				CLANG_WARN_ENUM_CONVERSION = YES;
				CLANG_WARN_INFINITE_RECURSION = YES;
				CLANG_WARN_INT_CONVERSION = YES;
				CLANG_WARN_NON_LITERAL_NULL_CONVERSION = YES;
				CLANG_WARN_OBJC_IMPLICIT_RETAIN_SELF = YES;
				CLANG_WARN_OBJC_LITERAL_CONVERSION = YES;
				CLANG_WARN_OBJC_ROOT_CLASS = YES_ERROR;
				CLANG_WARN_QUOTED_INCLUDE_IN_FRAMEWORK_HEADER = YES;
				CLANG_WARN_RANGE_LOOP_ANALYSIS = YES;
				CLANG_WARN_STRICT_PROTOTYPES = YES;
				CLANG_WARN_SUSPICIOUS_MOVE = YES;
				CLANG_WARN_UNGUARDED_AVAILABILITY = YES_AGGRESSIVE;
				CLANG_WARN_UNREACHABLE_CODE = YES;
				CLANG_WARN__DUPLICATE_METHOD_MATCH = YES;
				COPY_PHASE_STRIP = NO;
				DEBUG_INFORMATION_FORMAT = "dwarf-with-dsym";
				ENABLE_NS_ASSERTIONS = NO;
				ENABLE_STRICT_OBJC_MSGSEND = YES;
				GCC_C_LANGUAGE_STANDARD = gnu11;
				GCC_NO_COMMON_BLOCKS = YES;
				GCC_WARN_64_TO_32_BIT_CONVERSION = YES;
				GCC_WARN_ABOUT_RETURN_TYPE = YES_ERROR;
				GCC_WARN_UNDECLARED_SELECTOR = YES;
				GCC_WARN_UNINITIALIZED_AUTOS = YES_AGGRESSIVE;
				GCC_WARN_UNUSED_FUNCTION = YES;
				GCC_WARN_UNUSED_VARIABLE = YES;
				IPHONEOS_DEPLOYMENT_TARGET = 16.2;
				MTL_ENABLE_DEBUG_INFO = NO;
				MTL_FAST_MATH = YES;
				SDKROOT = iphoneos;
				SWIFT_COMPILATION_MODE = wholemodule;
				SWIFT_OPTIMIZATION_LEVEL = "-O";
				VALIDATE_PRODUCT = YES;
			};
			name = Release;
		};
		6D532834298BD11300AF1576 /* Debug */ = {
			isa = XCBuildConfiguration;
			buildSettings = {
				ASSETCATALOG_COMPILER_APPICON_NAME = AppIcon;
				ASSETCATALOG_COMPILER_GLOBAL_ACCENT_COLOR_NAME = AccentColor;
				CODE_SIGN_STYLE = Automatic;
				DEVELOPMENT_ASSET_PATHS = "\"TrollBoard/Preview Content\"";
				DEVELOPMENT_TEAM = A999YUQPG2;
				ENABLE_PREVIEWS = YES;
				GENERATE_INFOPLIST_FILE = YES;
				INFOPLIST_KEY_NSAppleMusicUsageDescription = "Press \"OK\" to let TrollBoard change icons.";
				INFOPLIST_KEY_UIApplicationSceneManifest_Generation = YES;
				INFOPLIST_KEY_UIApplicationSupportsIndirectInputEvents = YES;
				INFOPLIST_KEY_UILaunchScreen_Generation = YES;
				INFOPLIST_KEY_UISupportedInterfaceOrientations = UIInterfaceOrientationPortrait;
				INFOPLIST_KEY_UISupportedInterfaceOrientations_iPad = "UIInterfaceOrientationLandscapeLeft UIInterfaceOrientationLandscapeRight UIInterfaceOrientationPortrait UIInterfaceOrientationPortraitUpsideDown";
				IPHONEOS_DEPLOYMENT_TARGET = 15.0;
				LD_RUNPATH_SEARCH_PATHS = (
					"$(inherited)",
					"@executable_path/Frameworks",
				);
				MARKETING_VERSION = 1.0;
				PRODUCT_BUNDLE_IDENTIFIER = org.haxi0.TrollBoard;
				PRODUCT_NAME = "$(TARGET_NAME)";
				SUPPORTED_PLATFORMS = "iphoneos iphonesimulator";
				SUPPORTS_MACCATALYST = NO;
				SUPPORTS_MAC_DESIGNED_FOR_IPHONE_IPAD = NO;
				SWIFT_EMIT_LOC_STRINGS = YES;
				SWIFT_OBJC_BRIDGING_HEADER = TrollBoard/TrollBoardHeader.h;
				SWIFT_VERSION = 5.0;
				TARGETED_DEVICE_FAMILY = 1;
			};
			name = Debug;
		};
		6D532835298BD11300AF1576 /* Release */ = {
			isa = XCBuildConfiguration;
			buildSettings = {
				ASSETCATALOG_COMPILER_APPICON_NAME = AppIcon;
				ASSETCATALOG_COMPILER_GLOBAL_ACCENT_COLOR_NAME = AccentColor;
				CODE_SIGN_STYLE = Automatic;
				DEVELOPMENT_ASSET_PATHS = "\"TrollBoard/Preview Content\"";
				DEVELOPMENT_TEAM = A999YUQPG2;
				ENABLE_PREVIEWS = YES;
				GENERATE_INFOPLIST_FILE = YES;
				INFOPLIST_KEY_NSAppleMusicUsageDescription = "Press \"OK\" to let TrollBoard change icons.";
				INFOPLIST_KEY_UIApplicationSceneManifest_Generation = YES;
				INFOPLIST_KEY_UIApplicationSupportsIndirectInputEvents = YES;
				INFOPLIST_KEY_UILaunchScreen_Generation = YES;
				INFOPLIST_KEY_UISupportedInterfaceOrientations = UIInterfaceOrientationPortrait;
				INFOPLIST_KEY_UISupportedInterfaceOrientations_iPad = "UIInterfaceOrientationLandscapeLeft UIInterfaceOrientationLandscapeRight UIInterfaceOrientationPortrait UIInterfaceOrientationPortraitUpsideDown";
				IPHONEOS_DEPLOYMENT_TARGET = 15.0;
				LD_RUNPATH_SEARCH_PATHS = (
					"$(inherited)",
					"@executable_path/Frameworks",
				);
				MARKETING_VERSION = 1.0;
				PRODUCT_BUNDLE_IDENTIFIER = org.haxi0.TrollBoard;
				PRODUCT_NAME = "$(TARGET_NAME)";
				SUPPORTED_PLATFORMS = "iphoneos iphonesimulator";
				SUPPORTS_MACCATALYST = NO;
				SUPPORTS_MAC_DESIGNED_FOR_IPHONE_IPAD = NO;
				SWIFT_EMIT_LOC_STRINGS = YES;
				SWIFT_OBJC_BRIDGING_HEADER = TrollBoard/TrollBoardHeader.h;
				SWIFT_VERSION = 5.0;
				TARGETED_DEVICE_FAMILY = 1;
			};
			name = Release;
		};
/* End XCBuildConfiguration section */

/* Begin XCConfigurationList section */
		6D532820298BD11000AF1576 /* Build configuration list for PBXProject "TrollBoard" */ = {
			isa = XCConfigurationList;
			buildConfigurations = (
				6D532831298BD11300AF1576 /* Debug */,
				6D532832298BD11300AF1576 /* Release */,
			);
			defaultConfigurationIsVisible = 0;
			defaultConfigurationName = Release;
		};
		6D532833298BD11300AF1576 /* Build configuration list for PBXNativeTarget "TrollBoard" */ = {
			isa = XCConfigurationList;
			buildConfigurations = (
				6D532834298BD11300AF1576 /* Debug */,
				6D532835298BD11300AF1576 /* Release */,
			);
			defaultConfigurationIsVisible = 0;
			defaultConfigurationName = Release;
		};
/* End XCConfigurationList section */

/* Begin XCRemoteSwiftPackageReference section */
		6D532859298BFA7C00AF1576 /* XCRemoteSwiftPackageReference "SantanderWrappers" */ = {
			isa = XCRemoteSwiftPackageReference;
			repositoryURL = "https://github.com/SerenaKit/SantanderWrappers";
			requirement = {
				branch = main;
				kind = branch;
			};
		};
/* End XCRemoteSwiftPackageReference section */

/* Begin XCSwiftPackageProductDependency section */
		6D53285A298BFA7C00AF1576 /* AssetCatalogWrapper */ = {
			isa = XCSwiftPackageProductDependency;
			package = 6D532859298BFA7C00AF1576 /* XCRemoteSwiftPackageReference "SantanderWrappers" */;
			productName = AssetCatalogWrapper;
		};
/* End XCSwiftPackageProductDependency section */
	};
	rootObject = 6D53281D298BD11000AF1576 /* Project object */;
}
